Microsoft Visual Studio Solution File, Format Version 12.00
# Visual Studio Version 17
VisualStudioVersion = 17.5.2.0
MinimumVisualStudioVersion = 10.0.40219.1
Project("{FAE04EC0-301F-11D3-BF4B-00C04F79EFBC}") = "RoguePyra", "RoguePyra.csproj", "{848DDCE7-6C78-52E4-B5F9-625D1D63F706}"
EndProject
Global
	GlobalSection(SolutionConfigurationPlatforms) = preSolution
		Debug|Any CPU = Debug|Any CPU
		Release|Any CPU = Release|Any CPU
	EndGlobalSection
	GlobalSection(ProjectConfigurationPlatforms) = postSolution
		{848DDCE7-6C78-52E4-B5F9-625D1D63F706}.Debug|Any CPU.ActiveCfg = Debug|Any CPU
		{848DDCE7-6C78-52E4-B5F9-625D1D63F706}.Debug|Any CPU.Build.0 = Debug|Any CPU
		{848DDCE7-6C78-52E4-B5F9-625D1D63F706}.Release|Any CPU.ActiveCfg = Release|Any CPU
		{848DDCE7-6C78-52E4-B5F9-625D1D63F706}.Release|Any CPU.Build.0 = Release|Any CPU
	EndGlobalSection
	GlobalSection(SolutionProperties) = preSolution
		HideSolutionNode = FALSE
	EndGlobalSection
	GlobalSection(ExtensibilityGlobals) = postSolution
		SolutionGuid = {22DFF026-C509-4D77-B34B-804E18247A50}
	EndGlobalSection
EndGlobal
